
Microsoft Visual Studio Solution File, Format Version 12.00
# Visual Studio 2012
# SharpDevelop 5.1
VisualStudioVersion = 12.0.20827.3
MinimumVisualStudioVersion = 10.0.40219.1
Project("{FAE04EC0-301F-11D3-BF4B-00C04F79EFBC}") = "VIENNAAddIn", "VIENNAAddIn\VIENNAAddIn.csproj", "{5642201A-D4A3-4F3B-9BC5-71C3A0DB7EA3}"
EndProject
Project("{FAE04EC0-301F-11D3-BF4B-00C04F79EFBC}") = "CCLConverter", "CCLConverter\CCLConverter.csproj", "{7EFD9B8A-7CD4-48DF-82B6-DA6083079535}"
	ProjectSection(ProjectDependencies) = postProject
		{5642201A-D4A3-4F3B-9BC5-71C3A0DB7EA3} = {5642201A-D4A3-4F3B-9BC5-71C3A0DB7EA3}
	EndProjectSection
EndProject
Project("{FAE04EC0-301F-11D3-BF4B-00C04F79EFBC}") = "VIENNAAddInUtils", "VIENNAAddInUtils\VIENNAAddInUtils.csproj", "{3C1352B8-1B53-46F9-BC18-BFF48115A606}"
EndProject
Project("{FAE04EC0-301F-11D3-BF4B-00C04F79EFBC}") = "VIENNAAddInWpfUserControls", "VIENNAAddInWpfUserControls\VIENNAAddInWpfUserControls.csproj", "{D2B72E74-9717-42E0-9D43-0964D8B781BD}"
EndProject
Project("{FAE04EC0-301F-11D3-BF4B-00C04F79EFBC}") = "CctsRepository", "CctsRepository\CctsRepository.csproj", "{D788A632-CD92-4C8A-AE54-A37CD5871368}"
EndProject
Project("{FAE04EC0-301F-11D3-BF4B-00C04F79EFBC}") = "Upcc", "UpccModel\Upcc.csproj", "{45CFA9B7-56EC-4986-BEAF-079F86A56B0C}"
EndProject
Global
	GlobalSection(SolutionConfigurationPlatforms) = preSolution
		Debug|Any CPU = Debug|Any CPU
		Release|Any CPU = Release|Any CPU
	EndGlobalSection
	GlobalSection(ProjectConfigurationPlatforms) = postSolution
		{5642201A-D4A3-4F3B-9BC5-71C3A0DB7EA3}.Debug|Any CPU.ActiveCfg = Debug|Any CPU
		{5642201A-D4A3-4F3B-9BC5-71C3A0DB7EA3}.Debug|Any CPU.Build.0 = Debug|Any CPU
		{5642201A-D4A3-4F3B-9BC5-71C3A0DB7EA3}.Release|Any CPU.ActiveCfg = Release|Any CPU
		{5642201A-D4A3-4F3B-9BC5-71C3A0DB7EA3}.Release|Any CPU.Build.0 = Release|Any CPU
		{7EFD9B8A-7CD4-48DF-82B6-DA6083079535}.Debug|Any CPU.ActiveCfg = Debug|Any CPU
		{7EFD9B8A-7CD4-48DF-82B6-DA6083079535}.Debug|Any CPU.Build.0 = Debug|Any CPU
		{7EFD9B8A-7CD4-48DF-82B6-DA6083079535}.Release|Any CPU.ActiveCfg = Release|Any CPU
		{7EFD9B8A-7CD4-48DF-82B6-DA6083079535}.Release|Any CPU.Build.0 = Release|Any CPU
		{3C1352B8-1B53-46F9-BC18-BFF48115A606}.Debug|Any CPU.ActiveCfg = Debug|Any CPU
		{3C1352B8-1B53-46F9-BC18-BFF48115A606}.Debug|Any CPU.Build.0 = Debug|Any CPU
		{3C1352B8-1B53-46F9-BC18-BFF48115A606}.Release|Any CPU.ActiveCfg = Release|Any CPU
		{3C1352B8-1B53-46F9-BC18-BFF48115A606}.Release|Any CPU.Build.0 = Release|Any CPU
		{D2B72E74-9717-42E0-9D43-0964D8B781BD}.Debug|Any CPU.ActiveCfg = Debug|Any CPU
		{D2B72E74-9717-42E0-9D43-0964D8B781BD}.Debug|Any CPU.Build.0 = Debug|Any CPU
		{D2B72E74-9717-42E0-9D43-0964D8B781BD}.Release|Any CPU.ActiveCfg = Release|Any CPU
		{D2B72E74-9717-42E0-9D43-0964D8B781BD}.Release|Any CPU.Build.0 = Release|Any CPU
		{D788A632-CD92-4C8A-AE54-A37CD5871368}.Debug|Any CPU.ActiveCfg = Debug|Any CPU
		{D788A632-CD92-4C8A-AE54-A37CD5871368}.Debug|Any CPU.Build.0 = Debug|Any CPU
		{D788A632-CD92-4C8A-AE54-A37CD5871368}.Release|Any CPU.ActiveCfg = Release|Any CPU
		{D788A632-CD92-4C8A-AE54-A37CD5871368}.Release|Any CPU.Build.0 = Release|Any CPU
		{45CFA9B7-56EC-4986-BEAF-079F86A56B0C}.Debug|Any CPU.ActiveCfg = Debug|Any CPU
		{45CFA9B7-56EC-4986-BEAF-079F86A56B0C}.Debug|Any CPU.Build.0 = Debug|Any CPU
		{45CFA9B7-56EC-4986-BEAF-079F86A56B0C}.Release|Any CPU.ActiveCfg = Release|Any CPU
		{45CFA9B7-56EC-4986-BEAF-079F86A56B0C}.Release|Any CPU.Build.0 = Release|Any CPU
	EndGlobalSection
	GlobalSection(SolutionProperties) = preSolution
		HideSolutionNode = FALSE
	EndGlobalSection
EndGlobal
